// !$*UTF8*$!
{
	archiveVersion = 1;
	classes = {
	};
	objectVersion = 46;
	objects = {

/* Begin PBXBuildFile section */
		1D60589B0D05DD56006BFB54 /* main.m in Sources */ = {isa = PBXBuildFile; fileRef = 29B97316FDCFA39411CA2CEA /* main.m */; };
		1D60589F0D05DD5A006BFB54 /* Foundation.framework in Frameworks */ = {isa = PBXBuildFile; fileRef = 1D30AB110D05D00D00671497 /* Foundation.framework */; };
		1DF5F4E00D08C38300B7A737 /* UIKit.framework in Frameworks */ = {isa = PBXBuildFile; fileRef = 1DF5F4DF0D08C38300B7A737 /* UIKit.framework */; };
		2860E328111B887F00E27156 /* AppDelegate_iPhone.m in Sources */ = {isa = PBXBuildFile; fileRef = 2860E326111B887F00E27156 /* AppDelegate_iPhone.m */; };
		2860E329111B887F00E27156 /* MainWindow_iPhone.xib in Resources */ = {isa = PBXBuildFile; fileRef = 2860E327111B887F00E27156 /* MainWindow_iPhone.xib */; };
		2860E32E111B888700E27156 /* AppDelegate_iPad.m in Sources */ = {isa = PBXBuildFile; fileRef = 2860E32C111B888700E27156 /* AppDelegate_iPad.m */; };
		2860E32F111B888700E27156 /* MainWindow_iPad.xib in Resources */ = {isa = PBXBuildFile; fileRef = 2860E32D111B888700E27156 /* MainWindow_iPad.xib */; };
		288765FD0DF74451002DB57D /* CoreGraphics.framework in Frameworks */ = {isa = PBXBuildFile; fileRef = 288765FC0DF74451002DB57D /* CoreGraphics.framework */; };
		305A1194184FAD01001B8C14 /* bluetooth_data.txt in Resources */ = {isa = PBXBuildFile; fileRef = 305A118B184FAD01001B8C14 /* bluetooth_data.txt */; };
		305A1195184FAD01001B8C14 /* contact_data.txt in Resources */ = {isa = PBXBuildFile; fileRef = 305A118C184FAD01001B8C14 /* contact_data.txt */; };
		305A1196184FAD01001B8C14 /* humidity_data.txt in Resources */ = {isa = PBXBuildFile; fileRef = 305A118D184FAD01001B8C14 /* humidity_data.txt */; };
		305A1197184FAD01001B8C14 /* light_data.txt in Resources */ = {isa = PBXBuildFile; fileRef = 305A118E184FAD01001B8C14 /* light_data.txt */; };
		305A1198184FAD01001B8C14 /* soilMoisture_data.txt in Resources */ = {isa = PBXBuildFile; fileRef = 305A118F184FAD01001B8C14 /* soilMoisture_data.txt */; };
		305A1199184FAD01001B8C14 /* temperature_data.txt in Resources */ = {isa = PBXBuildFile; fileRef = 305A1190184FAD01001B8C14 /* temperature_data.txt */; };
		305A119A184FAD01001B8C14 /* thermoIR_data.txt in Resources */ = {isa = PBXBuildFile; fileRef = 305A1191184FAD01001B8C14 /* thermoIR_data.txt */; };
		305A119B184FAD01001B8C14 /* thermoProbe_data.txt in Resources */ = {isa = PBXBuildFile; fileRef = 305A1192184FAD01001B8C14 /* thermoProbe_data.txt */; };
		305A119C184FAD01001B8C14 /* waterLevel_data.txt in Resources */ = {isa = PBXBuildFile; fileRef = 305A1193184FAD01001B8C14 /* waterLevel_data.txt */; };
		30B25B131857636E0027F2E7 /* GraphViewController_iPhone.xib in Resources */ = {isa = PBXBuildFile; fileRef = 30B25B121857636E0027F2E7 /* GraphViewController_iPhone.xib */; };
		30B29E8C184E138B000C651A /* AVFoundation.framework in Frameworks */ = {isa = PBXBuildFile; fileRef = 30B29E8B184E138B000C651A /* AVFoundation.framework */; };
		30B29E8E184E1396000C651A /* CoreMedia.framework in Frameworks */ = {isa = PBXBuildFile; fileRef = 30B29E8D184E1396000C651A /* CoreMedia.framework */; };
		30B29E90184E139F000C651A /* CoreVideo.framework in Frameworks */ = {isa = PBXBuildFile; fileRef = 30B29E8F184E139F000C651A /* CoreVideo.framework */; };
		30B29E92184E13AA000C651A /* libiconv.dylib in Frameworks */ = {isa = PBXBuildFile; fileRef = 30B29E91184E13AA000C651A /* libiconv.dylib */; };
		30B487D0184DF3A5002B0CD8 /* LeftMenuViewController.m in Sources */ = {isa = PBXBuildFile; fileRef = 30B487CE184DF3A4002B0CD8 /* LeftMenuViewController.m */; };
		30B487D7184DF801002B0CD8 /* RightMenuViewController.m in Sources */ = {isa = PBXBuildFile; fileRef = 30B487D5184DF801002B0CD8 /* RightMenuViewController.m */; };
		30B487E0184DFBDA002B0CD8 /* QuartzCore.framework in Frameworks */ = {isa = PBXBuildFile; fileRef = 30B487DF184DFBDA002B0CD8 /* QuartzCore.framework */; };
		30B487E5184DFCB7002B0CD8 /* DashboardViewController_iPhone.xib in Resources */ = {isa = PBXBuildFile; fileRef = 30B487E1184DFCB7002B0CD8 /* DashboardViewController_iPhone.xib */; };
		30B487E6184DFCB7002B0CD8 /* LeftMenuViewController_iPhone.xib in Resources */ = {isa = PBXBuildFile; fileRef = 30B487E2184DFCB7002B0CD8 /* LeftMenuViewController_iPhone.xib */; };
		30B487E7184DFCB7002B0CD8 /* RightMenuViewController_iPhone.xib in Resources */ = {isa = PBXBuildFile; fileRef = 30B487E3184DFCB7002B0CD8 /* RightMenuViewController_iPhone.xib */; };
		30B487EB184DFCD6002B0CD8 /* AppTableViewController.m in Sources */ = {isa = PBXBuildFile; fileRef = 30B487EA184DFCD6002B0CD8 /* AppTableViewController.m */; };
		30B487EE184DFE33002B0CD8 /* RightMenuCell.m in Sources */ = {isa = PBXBuildFile; fileRef = 30B487ED184DFE33002B0CD8 /* RightMenuCell.m */; };
		30B487F0184DFE4A002B0CD8 /* RightMenuCell_iPhone.xib in Resources */ = {isa = PBXBuildFile; fileRef = 30B487EF184DFE4A002B0CD8 /* RightMenuCell_iPhone.xib */; };
		30B487F7184E0A4F002B0CD8 /* HelpViewController.m in Sources */ = {isa = PBXBuildFile; fileRef = 30B487F5184E0A4F002B0CD8 /* HelpViewController.m */; };
		30B487FC184E0A6C002B0CD8 /* SettingsViewController.m in Sources */ = {isa = PBXBuildFile; fileRef = 30B487FA184E0A6C002B0CD8 /* SettingsViewController.m */; };
		30B48800184E0B08002B0CD8 /* HelpViewController_iPhone.xib in Resources */ = {isa = PBXBuildFile; fileRef = 30B487FE184E0B08002B0CD8 /* HelpViewController_iPhone.xib */; };
		30B48801184E0B08002B0CD8 /* SettingsViewController_iPhone.xib in Resources */ = {isa = PBXBuildFile; fileRef = 30B487FF184E0B08002B0CD8 /* SettingsViewController_iPhone.xib */; };
		490F3A8D184EDF43004B2BF1 /* border.png in Resources */ = {isa = PBXBuildFile; fileRef = 490F3A8C184EDF43004B2BF1 /* border.png */; };
		490F3A8F184EE251004B2BF1 /* wimoto.png in Resources */ = {isa = PBXBuildFile; fileRef = 490F3A8E184EE251004B2BF1 /* wimoto.png */; };
		493A4928184EB0790000A2F6 /* alarm_clock-512-white.png in Resources */ = {isa = PBXBuildFile; fileRef = 493A4927184EB0790000A2F6 /* alarm_clock-512-white.png */; };
		493A492A184EB2CB0000A2F6 /* temperature-512.png in Resources */ = {isa = PBXBuildFile; fileRef = 493A4929184EB2CB0000A2F6 /* temperature-512.png */; };
		493A492D184EB44B0000A2F6 /* humidity-512.png in Resources */ = {isa = PBXBuildFile; fileRef = 493A492C184EB44B0000A2F6 /* humidity-512.png */; };
		493A492F184EB6C50000A2F6 /* sun-512.png in Resources */ = {isa = PBXBuildFile; fileRef = 493A492E184EB6C50000A2F6 /* sun-512.png */; };
		493A4932184EB81A0000A2F6 /* plant_under_rain-512.png in Resources */ = {isa = PBXBuildFile; fileRef = 493A4930184EB81A0000A2F6 /* plant_under_rain-512.png */; };
		493A4933184EB81A0000A2F6 /* plant_under_sun-512.png in Resources */ = {isa = PBXBuildFile; fileRef = 493A4931184EB81A0000A2F6 /* plant_under_sun-512.png */; };
		493A4935184EB9C80000A2F6 /* plant_temperature-512.png in Resources */ = {isa = PBXBuildFile; fileRef = 493A4934184EB9C80000A2F6 /* plant_temperature-512.png */; };
		493A4937184EBEBD0000A2F6 /* motion_detector-512.png in Resources */ = {isa = PBXBuildFile; fileRef = 493A4936184EBEBD0000A2F6 /* motion_detector-512.png */; };
		493A4939184EBF810000A2F6 /* thermometer-512.png in Resources */ = {isa = PBXBuildFile; fileRef = 493A4938184EBF810000A2F6 /* thermometer-512.png */; };
		493A493B184EC2F80000A2F6 /* infrared_thermometer-512.png in Resources */ = {isa = PBXBuildFile; fileRef = 493A493A184EC2F80000A2F6 /* infrared_thermometer-512.png */; };
		493A493D184EC3C00000A2F6 /* water-512.png in Resources */ = {isa = PBXBuildFile; fileRef = 493A493C184EC3C00000A2F6 /* water-512.png */; };
		493A4944184ECC390000A2F6 /* cloud.png in Resources */ = {isa = PBXBuildFile; fileRef = 493A4942184ECC390000A2F6 /* cloud.png */; };
		493A4945184ECC390000A2F6 /* mail.png in Resources */ = {isa = PBXBuildFile; fileRef = 493A4943184ECC390000A2F6 /* mail.png */; };
		493A4948184ECECE0000A2F6 /* cloud-download.png in Resources */ = {isa = PBXBuildFile; fileRef = 493A4946184ECECE0000A2F6 /* cloud-download.png */; };
		493A4949184ECECE0000A2F6 /* cloud-upload.png in Resources */ = {isa = PBXBuildFile; fileRef = 493A4947184ECECE0000A2F6 /* cloud-upload.png */; };
		493A494B184ED3C00000A2F6 /* cassette.png in Resources */ = {isa = PBXBuildFile; fileRef = 493A494A184ED3C00000A2F6 /* cassette.png */; };
		901399C5185A5EF20003D964 /* NSString+Util.m in Sources */ = {isa = PBXBuildFile; fileRef = 901399C4185A5EF20003D964 /* NSString+Util.m */; };
		901399CC185B16CB0003D964 /* CBPeripheral+Util.m in Sources */ = {isa = PBXBuildFile; fileRef = 901399CB185B16CB0003D964 /* CBPeripheral+Util.m */; };
		90232E25185A43B300F83210 /* NoSensorViewController.m in Sources */ = {isa = PBXBuildFile; fileRef = 90232E23185A43B300F83210 /* NoSensorViewController.m */; };
		90232E28185A440700F83210 /* NoSensorViewController_iPhone.xib in Resources */ = {isa = PBXBuildFile; fileRef = 90232E27185A440700F83210 /* NoSensorViewController_iPhone.xib */; };
		90232E30185A467100F83210 /* IISideController.m in Sources */ = {isa = PBXBuildFile; fileRef = 90232E2B185A467100F83210 /* IISideController.m */; };
		90232E31185A467100F83210 /* IIViewDeckController.m in Sources */ = {isa = PBXBuildFile; fileRef = 90232E2D185A467100F83210 /* IIViewDeckController.m */; };
		90232E32185A467100F83210 /* IIWrapController.m in Sources */ = {isa = PBXBuildFile; fileRef = 90232E2F185A467100F83210 /* IIWrapController.m */; };
		90232E35185A46A300F83210 /* WimotoDeckController.m in Sources */ = {isa = PBXBuildFile; fileRef = 90232E34185A46A300F83210 /* WimotoDeckController.m */; };
		90232E3A185A521900F83210 /* BLEManager.m in Sources */ = {isa = PBXBuildFile; fileRef = 90232E39185A521900F83210 /* BLEManager.m */; };
		90C6423B184E606D008F40D2 /* Sensor.m in Sources */ = {isa = PBXBuildFile; fileRef = 90C6423A184E606D008F40D2 /* Sensor.m */; };
		90CD9B1818561B2300970B7D /* CoreBluetooth.framework in Frameworks */ = {isa = PBXBuildFile; fileRef = 90CD9B1718561B2300970B7D /* CoreBluetooth.framework */; };
		90CD9B2418561CFE00970B7D /* SearchSensorViewController.m in Sources */ = {isa = PBXBuildFile; fileRef = 90CD9B2218561CFE00970B7D /* SearchSensorViewController.m */; };
		90CD9B2718561D3D00970B7D /* SearchSensorViewController_iPhone.xib in Resources */ = {isa = PBXBuildFile; fileRef = 90CD9B2618561D3D00970B7D /* SearchSensorViewController_iPhone.xib */; };
		90CD9B2A18561DA400970B7D /* SensorCell.m in Sources */ = {isa = PBXBuildFile; fileRef = 90CD9B2918561DA400970B7D /* SensorCell.m */; };
		90CD9B2E18561E4A00970B7D /* SensorCell_iPhone.xib in Resources */ = {isa = PBXBuildFile; fileRef = 90CD9B2D18561E4A00970B7D /* SensorCell_iPhone.xib */; };
		90CFFEAC17A7CF2F00353F80 /* Default-568h@2x.png in Resources */ = {isa = PBXBuildFile; fileRef = 90CFFEA717A7CF2F00353F80 /* Default-568h@2x.png */; };
		90CFFEAD17A7CF2F00353F80 /* Default.png in Resources */ = {isa = PBXBuildFile; fileRef = 90CFFEA817A7CF2F00353F80 /* Default.png */; };
		90CFFEAE17A7CF2F00353F80 /* Default@2x.png in Resources */ = {isa = PBXBuildFile; fileRef = 90CFFEA917A7CF2F00353F80 /* Default@2x.png */; };
		90CFFEC317A7D01700353F80 /* AppViewController.m in Sources */ = {isa = PBXBuildFile; fileRef = 90CFFEC217A7D01700353F80 /* AppViewController.m */; };
		90D4AB8F184E528E004DDB1F /* ClimateSensorDetailsViewController.m in Sources */ = {isa = PBXBuildFile; fileRef = 90D4AB8D184E528E004DDB1F /* ClimateSensorDetailsViewController.m */; };
		90D4AB93184E5336004DDB1F /* ClimateSensorDetailsViewController_iPhone.xib in Resources */ = {isa = PBXBuildFile; fileRef = 90D4AB92184E5336004DDB1F /* ClimateSensorDetailsViewController_iPhone.xib */; };
		90D4AB97184E53FC004DDB1F /* GrowSensorDetailsViewController.m in Sources */ = {isa = PBXBuildFile; fileRef = 90D4AB95184E53FC004DDB1F /* GrowSensorDetailsViewController.m */; };
		90D4AB9A184E5420004DDB1F /* GrowSensorDetailsViewController_iPhone.xib in Resources */ = {isa = PBXBuildFile; fileRef = 90D4AB99184E5420004DDB1F /* GrowSensorDetailsViewController_iPhone.xib */; };
		90D4ABC1184E55BE004DDB1F /* SentrySensorDetailsViewController.m in Sources */ = {isa = PBXBuildFile; fileRef = 90D4ABBF184E55BE004DDB1F /* SentrySensorDetailsViewController.m */; };
		90D4ABC4184E55DB004DDB1F /* SentrySensorDetailsViewController_iPhone.xib in Resources */ = {isa = PBXBuildFile; fileRef = 90D4ABC3184E55DB004DDB1F /* SentrySensorDetailsViewController_iPhone.xib */; };
		90D4ABC8184E562F004DDB1F /* ThermoSensorDetailsViewController.m in Sources */ = {isa = PBXBuildFile; fileRef = 90D4ABC6184E562F004DDB1F /* ThermoSensorDetailsViewController.m */; };
		90D4ABCB184E5654004DDB1F /* ThermoSensorDetailsViewController_iPhone.xib in Resources */ = {isa = PBXBuildFile; fileRef = 90D4ABCA184E5654004DDB1F /* ThermoSensorDetailsViewController_iPhone.xib */; };
		90D4ABCF184E56A4004DDB1F /* WaterSensorDetailsViewController.m in Sources */ = {isa = PBXBuildFile; fileRef = 90D4ABCD184E56A4004DDB1F /* WaterSensorDetailsViewController.m */; };
		90D4ABD2184E56C2004DDB1F /* WaterSensorDetailsViewController_iPhone.xib in Resources */ = {isa = PBXBuildFile; fileRef = 90D4ABD1184E56C2004DDB1F /* WaterSensorDetailsViewController_iPhone.xib */; };
		90D8079B185B409300FDF31D /* ClimateSensor.m in Sources */ = {isa = PBXBuildFile; fileRef = 90D8079A185B409300FDF31D /* ClimateSensor.m */; };
		90D8079E185B49D100FDF31D /* SensorViewController.m in Sources */ = {isa = PBXBuildFile; fileRef = 90D8079D185B49D100FDF31D /* SensorViewController.m */; };
		90D807A2185B52D800FDF31D /* ASBSparkLineView.m in Sources */ = {isa = PBXBuildFile; fileRef = 90D807A1185B52D800FDF31D /* ASBSparkLineView.m */; };
		90D807A5185B54E900FDF31D /* TestSensor.m in Sources */ = {isa = PBXBuildFile; fileRef = 90D807A4185B54E900FDF31D /* TestSensor.m */; };
		90EAB4A2185F79D300609A9C /* CouchbaseLite.framework in Frameworks */ = {isa = PBXBuildFile; fileRef = 90EAB4A1185F79D300609A9C /* CouchbaseLite.framework */; };
		90EAB4A4185F7A3500609A9C /* CFNetwork.framework in Frameworks */ = {isa = PBXBuildFile; fileRef = 90EAB4A3185F7A3500609A9C /* CFNetwork.framework */; };
		90EAB4A6185F7A3C00609A9C /* Security.framework in Frameworks */ = {isa = PBXBuildFile; fileRef = 90EAB4A5185F7A3C00609A9C /* Security.framework */; };
		90EAB4A8185F7A4B00609A9C /* SystemConfiguration.framework in Frameworks */ = {isa = PBXBuildFile; fileRef = 90EAB4A7185F7A4B00609A9C /* SystemConfiguration.framework */; };
		90EAB4AA185F7A5C00609A9C /* libsqlite3.dylib in Frameworks */ = {isa = PBXBuildFile; fileRef = 90EAB4A9185F7A5C00609A9C /* libsqlite3.dylib */; };
		90EAB4AC185F7A6E00609A9C /* libz.dylib in Frameworks */ = {isa = PBXBuildFile; fileRef = 90EAB4AB185F7A6E00609A9C /* libz.dylib */; };
		90EAB4B0185F9A7700609A9C /* DatabaseManager.m in Sources */ = {isa = PBXBuildFile; fileRef = 90EAB4AF185F9A7700609A9C /* DatabaseManager.m */; };
		90F56DDF184DD54000ADC38E /* Wimoto-Info.plist in Resources */ = {isa = PBXBuildFile; fileRef = 90F56DDE184DD54000ADC38E /* Wimoto-Info.plist */; };
/* End PBXBuildFile section */

/* Begin PBXFileReference section */
		1D30AB110D05D00D00671497 /* Foundation.framework */ = {isa = PBXFileReference; lastKnownFileType = wrapper.framework; name = Foundation.framework; path = System/Library/Frameworks/Foundation.framework; sourceTree = SDKROOT; };
		1D6058910D05DD3D006BFB54 /* Wimoto.app */ = {isa = PBXFileReference; explicitFileType = wrapper.application; includeInIndex = 0; path = Wimoto.app; sourceTree = BUILT_PRODUCTS_DIR; };
		1DF5F4DF0D08C38300B7A737 /* UIKit.framework */ = {isa = PBXFileReference; lastKnownFileType = wrapper.framework; name = UIKit.framework; path = System/Library/Frameworks/UIKit.framework; sourceTree = SDKROOT; };
		2860E325111B887F00E27156 /* AppDelegate_iPhone.h */ = {isa = PBXFileReference; fileEncoding = 4; lastKnownFileType = sourcecode.c.h; path = AppDelegate_iPhone.h; sourceTree = "<group>"; };
		2860E326111B887F00E27156 /* AppDelegate_iPhone.m */ = {isa = PBXFileReference; fileEncoding = 4; lastKnownFileType = sourcecode.c.objc; path = AppDelegate_iPhone.m; sourceTree = "<group>"; };
		2860E327111B887F00E27156 /* MainWindow_iPhone.xib */ = {isa = PBXFileReference; lastKnownFileType = file.xib; path = MainWindow_iPhone.xib; sourceTree = "<group>"; };
		2860E32B111B888700E27156 /* AppDelegate_iPad.h */ = {isa = PBXFileReference; fileEncoding = 4; lastKnownFileType = sourcecode.c.h; path = AppDelegate_iPad.h; sourceTree = "<group>"; };
		2860E32C111B888700E27156 /* AppDelegate_iPad.m */ = {isa = PBXFileReference; fileEncoding = 4; lastKnownFileType = sourcecode.c.objc; path = AppDelegate_iPad.m; sourceTree = "<group>"; };
		2860E32D111B888700E27156 /* MainWindow_iPad.xib */ = {isa = PBXFileReference; lastKnownFileType = file.xib; path = MainWindow_iPad.xib; sourceTree = "<group>"; };
		288765FC0DF74451002DB57D /* CoreGraphics.framework */ = {isa = PBXFileReference; lastKnownFileType = wrapper.framework; name = CoreGraphics.framework; path = System/Library/Frameworks/CoreGraphics.framework; sourceTree = SDKROOT; };
		29B97316FDCFA39411CA2CEA /* main.m */ = {isa = PBXFileReference; fileEncoding = 4; lastKnownFileType = sourcecode.c.objc; name = main.m; path = Shared/main.m; sourceTree = "<group>"; };
		305A118B184FAD01001B8C14 /* bluetooth_data.txt */ = {isa = PBXFileReference; fileEncoding = 4; lastKnownFileType = text; path = bluetooth_data.txt; sourceTree = "<group>"; };
		305A118C184FAD01001B8C14 /* contact_data.txt */ = {isa = PBXFileReference; fileEncoding = 4; lastKnownFileType = text; path = contact_data.txt; sourceTree = "<group>"; };
		305A118D184FAD01001B8C14 /* humidity_data.txt */ = {isa = PBXFileReference; fileEncoding = 4; lastKnownFileType = text; path = humidity_data.txt; sourceTree = "<group>"; };
		305A118E184FAD01001B8C14 /* light_data.txt */ = {isa = PBXFileReference; fileEncoding = 4; lastKnownFileType = text; path = light_data.txt; sourceTree = "<group>"; };
		305A118F184FAD01001B8C14 /* soilMoisture_data.txt */ = {isa = PBXFileReference; fileEncoding = 4; lastKnownFileType = text; path = soilMoisture_data.txt; sourceTree = "<group>"; };
		305A1190184FAD01001B8C14 /* temperature_data.txt */ = {isa = PBXFileReference; fileEncoding = 4; lastKnownFileType = text; path = temperature_data.txt; sourceTree = "<group>"; };
		305A1191184FAD01001B8C14 /* thermoIR_data.txt */ = {isa = PBXFileReference; fileEncoding = 4; lastKnownFileType = text; path = thermoIR_data.txt; sourceTree = "<group>"; };
		305A1192184FAD01001B8C14 /* thermoProbe_data.txt */ = {isa = PBXFileReference; fileEncoding = 4; lastKnownFileType = text; path = thermoProbe_data.txt; sourceTree = "<group>"; };
		305A1193184FAD01001B8C14 /* waterLevel_data.txt */ = {isa = PBXFileReference; fileEncoding = 4; lastKnownFileType = text; path = waterLevel_data.txt; sourceTree = "<group>"; };
		30B25B121857636E0027F2E7 /* GraphViewController_iPhone.xib */ = {isa = PBXFileReference; fileEncoding = 4; lastKnownFileType = file.xib; path = GraphViewController_iPhone.xib; sourceTree = "<group>"; };
		30B29E8B184E138B000C651A /* AVFoundation.framework */ = {isa = PBXFileReference; lastKnownFileType = wrapper.framework; name = AVFoundation.framework; path = System/Library/Frameworks/AVFoundation.framework; sourceTree = SDKROOT; };
		30B29E8D184E1396000C651A /* CoreMedia.framework */ = {isa = PBXFileReference; lastKnownFileType = wrapper.framework; name = CoreMedia.framework; path = System/Library/Frameworks/CoreMedia.framework; sourceTree = SDKROOT; };
		30B29E8F184E139F000C651A /* CoreVideo.framework */ = {isa = PBXFileReference; lastKnownFileType = wrapper.framework; name = CoreVideo.framework; path = System/Library/Frameworks/CoreVideo.framework; sourceTree = SDKROOT; };
		30B29E91184E13AA000C651A /* libiconv.dylib */ = {isa = PBXFileReference; lastKnownFileType = "compiled.mach-o.dylib"; name = libiconv.dylib; path = usr/lib/libiconv.dylib; sourceTree = SDKROOT; };
		30B487CD184DF3A4002B0CD8 /* LeftMenuViewController.h */ = {isa = PBXFileReference; fileEncoding = 4; lastKnownFileType = sourcecode.c.h; path = LeftMenuViewController.h; sourceTree = "<group>"; };
		30B487CE184DF3A4002B0CD8 /* LeftMenuViewController.m */ = {isa = PBXFileReference; fileEncoding = 4; lastKnownFileType = sourcecode.c.objc; path = LeftMenuViewController.m; sourceTree = "<group>"; };
		30B487D4184DF801002B0CD8 /* RightMenuViewController.h */ = {isa = PBXFileReference; fileEncoding = 4; lastKnownFileType = sourcecode.c.h; path = RightMenuViewController.h; sourceTree = "<group>"; };
		30B487D5184DF801002B0CD8 /* RightMenuViewController.m */ = {isa = PBXFileReference; fileEncoding = 4; lastKnownFileType = sourcecode.c.objc; path = RightMenuViewController.m; sourceTree = "<group>"; };
		30B487DF184DFBDA002B0CD8 /* QuartzCore.framework */ = {isa = PBXFileReference; lastKnownFileType = wrapper.framework; name = QuartzCore.framework; path = System/Library/Frameworks/QuartzCore.framework; sourceTree = SDKROOT; };
		30B487E1184DFCB7002B0CD8 /* DashboardViewController_iPhone.xib */ = {isa = PBXFileReference; fileEncoding = 4; lastKnownFileType = file.xib; path = DashboardViewController_iPhone.xib; sourceTree = "<group>"; };
		30B487E2184DFCB7002B0CD8 /* LeftMenuViewController_iPhone.xib */ = {isa = PBXFileReference; fileEncoding = 4; lastKnownFileType = file.xib; path = LeftMenuViewController_iPhone.xib; sourceTree = "<group>"; };
		30B487E3184DFCB7002B0CD8 /* RightMenuViewController_iPhone.xib */ = {isa = PBXFileReference; fileEncoding = 4; lastKnownFileType = file.xib; path = RightMenuViewController_iPhone.xib; sourceTree = "<group>"; };
		30B487E9184DFCD6002B0CD8 /* AppTableViewController.h */ = {isa = PBXFileReference; fileEncoding = 4; lastKnownFileType = sourcecode.c.h; path = AppTableViewController.h; sourceTree = "<group>"; };
		30B487EA184DFCD6002B0CD8 /* AppTableViewController.m */ = {isa = PBXFileReference; fileEncoding = 4; lastKnownFileType = sourcecode.c.objc; path = AppTableViewController.m; sourceTree = "<group>"; };
		30B487EC184DFE33002B0CD8 /* RightMenuCell.h */ = {isa = PBXFileReference; fileEncoding = 4; lastKnownFileType = sourcecode.c.h; path = RightMenuCell.h; sourceTree = "<group>"; };
		30B487ED184DFE33002B0CD8 /* RightMenuCell.m */ = {isa = PBXFileReference; fileEncoding = 4; lastKnownFileType = sourcecode.c.objc; path = RightMenuCell.m; sourceTree = "<group>"; };
		30B487EF184DFE4A002B0CD8 /* RightMenuCell_iPhone.xib */ = {isa = PBXFileReference; fileEncoding = 4; lastKnownFileType = file.xib; path = RightMenuCell_iPhone.xib; sourceTree = "<group>"; };
		30B487F4184E0A4F002B0CD8 /* HelpViewController.h */ = {isa = PBXFileReference; fileEncoding = 4; lastKnownFileType = sourcecode.c.h; path = HelpViewController.h; sourceTree = "<group>"; };
		30B487F5184E0A4F002B0CD8 /* HelpViewController.m */ = {isa = PBXFileReference; fileEncoding = 4; lastKnownFileType = sourcecode.c.objc; path = HelpViewController.m; sourceTree = "<group>"; };
		30B487F9184E0A6C002B0CD8 /* SettingsViewController.h */ = {isa = PBXFileReference; fileEncoding = 4; lastKnownFileType = sourcecode.c.h; path = SettingsViewController.h; sourceTree = "<group>"; };
		30B487FA184E0A6C002B0CD8 /* SettingsViewController.m */ = {isa = PBXFileReference; fileEncoding = 4; lastKnownFileType = sourcecode.c.objc; path = SettingsViewController.m; sourceTree = "<group>"; };
		30B487FE184E0B08002B0CD8 /* HelpViewController_iPhone.xib */ = {isa = PBXFileReference; fileEncoding = 4; lastKnownFileType = file.xib; path = HelpViewController_iPhone.xib; sourceTree = "<group>"; };
		30B487FF184E0B08002B0CD8 /* SettingsViewController_iPhone.xib */ = {isa = PBXFileReference; fileEncoding = 4; lastKnownFileType = file.xib; path = SettingsViewController_iPhone.xib; sourceTree = "<group>"; };
		32CA4F630368D1EE00C91783 /* Wimoto_Prefix.pch */ = {isa = PBXFileReference; fileEncoding = 4; lastKnownFileType = sourcecode.c.h; path = Wimoto_Prefix.pch; sourceTree = "<group>"; };
		490F3A8C184EDF43004B2BF1 /* border.png */ = {isa = PBXFileReference; lastKnownFileType = image.png; path = border.png; sourceTree = "<group>"; };
		490F3A8E184EE251004B2BF1 /* wimoto.png */ = {isa = PBXFileReference; lastKnownFileType = image.png; path = wimoto.png; sourceTree = "<group>"; };
		493A4927184EB0790000A2F6 /* alarm_clock-512-white.png */ = {isa = PBXFileReference; lastKnownFileType = image.png; path = "alarm_clock-512-white.png"; sourceTree = "<group>"; };
		493A4929184EB2CB0000A2F6 /* temperature-512.png */ = {isa = PBXFileReference; lastKnownFileType = image.png; path = "temperature-512.png"; sourceTree = "<group>"; };
		493A492C184EB44B0000A2F6 /* humidity-512.png */ = {isa = PBXFileReference; lastKnownFileType = image.png; path = "humidity-512.png"; sourceTree = "<group>"; };
		493A492E184EB6C50000A2F6 /* sun-512.png */ = {isa = PBXFileReference; lastKnownFileType = image.png; path = "sun-512.png"; sourceTree = "<group>"; };
		493A4930184EB81A0000A2F6 /* plant_under_rain-512.png */ = {isa = PBXFileReference; lastKnownFileType = image.png; path = "plant_under_rain-512.png"; sourceTree = "<group>"; };
		493A4931184EB81A0000A2F6 /* plant_under_sun-512.png */ = {isa = PBXFileReference; lastKnownFileType = image.png; path = "plant_under_sun-512.png"; sourceTree = "<group>"; };
		493A4934184EB9C80000A2F6 /* plant_temperature-512.png */ = {isa = PBXFileReference; lastKnownFileType = image.png; path = "plant_temperature-512.png"; sourceTree = "<group>"; };
		493A4936184EBEBD0000A2F6 /* motion_detector-512.png */ = {isa = PBXFileReference; lastKnownFileType = image.png; path = "motion_detector-512.png"; sourceTree = "<group>"; };
		493A4938184EBF810000A2F6 /* thermometer-512.png */ = {isa = PBXFileReference; lastKnownFileType = image.png; path = "thermometer-512.png"; sourceTree = "<group>"; };
		493A493A184EC2F80000A2F6 /* infrared_thermometer-512.png */ = {isa = PBXFileReference; lastKnownFileType = image.png; path = "infrared_thermometer-512.png"; sourceTree = "<group>"; };
		493A493C184EC3C00000A2F6 /* water-512.png */ = {isa = PBXFileReference; lastKnownFileType = image.png; path = "water-512.png"; sourceTree = "<group>"; };
		493A4942184ECC390000A2F6 /* cloud.png */ = {isa = PBXFileReference; lastKnownFileType = image.png; path = cloud.png; sourceTree = "<group>"; };
		493A4943184ECC390000A2F6 /* mail.png */ = {isa = PBXFileReference; lastKnownFileType = image.png; path = mail.png; sourceTree = "<group>"; };
		493A4946184ECECE0000A2F6 /* cloud-download.png */ = {isa = PBXFileReference; lastKnownFileType = image.png; path = "cloud-download.png"; sourceTree = "<group>"; };
		493A4947184ECECE0000A2F6 /* cloud-upload.png */ = {isa = PBXFileReference; lastKnownFileType = image.png; path = "cloud-upload.png"; sourceTree = "<group>"; };
		493A494A184ED3C00000A2F6 /* cassette.png */ = {isa = PBXFileReference; lastKnownFileType = image.png; path = cassette.png; sourceTree = "<group>"; };
		901399C3185A5EF20003D964 /* NSString+Util.h */ = {isa = PBXFileReference; fileEncoding = 4; lastKnownFileType = sourcecode.c.h; path = "NSString+Util.h"; sourceTree = "<group>"; };
		901399C4185A5EF20003D964 /* NSString+Util.m */ = {isa = PBXFileReference; fileEncoding = 4; lastKnownFileType = sourcecode.c.objc; path = "NSString+Util.m"; sourceTree = "<group>"; };
		901399CA185B16CB0003D964 /* CBPeripheral+Util.h */ = {isa = PBXFileReference; fileEncoding = 4; lastKnownFileType = sourcecode.c.h; path = "CBPeripheral+Util.h"; sourceTree = "<group>"; };
		901399CB185B16CB0003D964 /* CBPeripheral+Util.m */ = {isa = PBXFileReference; fileEncoding = 4; lastKnownFileType = sourcecode.c.objc; path = "CBPeripheral+Util.m"; sourceTree = "<group>"; };
		901399CD185B22A80003D964 /* AppConstants.h */ = {isa = PBXFileReference; fileEncoding = 4; lastKnownFileType = sourcecode.c.h; path = AppConstants.h; sourceTree = "<group>"; };
		90232E22185A43B300F83210 /* NoSensorViewController.h */ = {isa = PBXFileReference; fileEncoding = 4; lastKnownFileType = sourcecode.c.h; path = NoSensorViewController.h; sourceTree = "<group>"; };
		90232E23185A43B300F83210 /* NoSensorViewController.m */ = {isa = PBXFileReference; fileEncoding = 4; lastKnownFileType = sourcecode.c.objc; path = NoSensorViewController.m; sourceTree = "<group>"; };
		90232E27185A440700F83210 /* NoSensorViewController_iPhone.xib */ = {isa = PBXFileReference; fileEncoding = 4; lastKnownFileType = file.xib; path = NoSensorViewController_iPhone.xib; sourceTree = "<group>"; };
		90232E2A185A467100F83210 /* IISideController.h */ = {isa = PBXFileReference; fileEncoding = 4; lastKnownFileType = sourcecode.c.h; path = IISideController.h; sourceTree = "<group>"; };
		90232E2B185A467100F83210 /* IISideController.m */ = {isa = PBXFileReference; fileEncoding = 4; lastKnownFileType = sourcecode.c.objc; path = IISideController.m; sourceTree = "<group>"; };
		90232E2C185A467100F83210 /* IIViewDeckController.h */ = {isa = PBXFileReference; fileEncoding = 4; lastKnownFileType = sourcecode.c.h; path = IIViewDeckController.h; sourceTree = "<group>"; };
		90232E2D185A467100F83210 /* IIViewDeckController.m */ = {isa = PBXFileReference; fileEncoding = 4; lastKnownFileType = sourcecode.c.objc; path = IIViewDeckController.m; sourceTree = "<group>"; };
		90232E2E185A467100F83210 /* IIWrapController.h */ = {isa = PBXFileReference; fileEncoding = 4; lastKnownFileType = sourcecode.c.h; path = IIWrapController.h; sourceTree = "<group>"; };
		90232E2F185A467100F83210 /* IIWrapController.m */ = {isa = PBXFileReference; fileEncoding = 4; lastKnownFileType = sourcecode.c.objc; path = IIWrapController.m; sourceTree = "<group>"; };
		90232E33185A46A300F83210 /* WimotoDeckController.h */ = {isa = PBXFileReference; fileEncoding = 4; lastKnownFileType = sourcecode.c.h; path = WimotoDeckController.h; sourceTree = "<group>"; };
		90232E34185A46A300F83210 /* WimotoDeckController.m */ = {isa = PBXFileReference; fileEncoding = 4; lastKnownFileType = sourcecode.c.objc; path = WimotoDeckController.m; sourceTree = "<group>"; };
		90232E38185A521900F83210 /* BLEManager.h */ = {isa = PBXFileReference; fileEncoding = 4; lastKnownFileType = sourcecode.c.h; path = BLEManager.h; sourceTree = "<group>"; };
		90232E39185A521900F83210 /* BLEManager.m */ = {isa = PBXFileReference; fileEncoding = 4; lastKnownFileType = sourcecode.c.objc; path = BLEManager.m; sourceTree = "<group>"; };
		90C64239184E606D008F40D2 /* Sensor.h */ = {isa = PBXFileReference; fileEncoding = 4; lastKnownFileType = sourcecode.c.h; path = Sensor.h; sourceTree = "<group>"; };
		90C6423A184E606D008F40D2 /* Sensor.m */ = {isa = PBXFileReference; fileEncoding = 4; lastKnownFileType = sourcecode.c.objc; path = Sensor.m; sourceTree = "<group>"; };
		90CD9B1718561B2300970B7D /* CoreBluetooth.framework */ = {isa = PBXFileReference; lastKnownFileType = wrapper.framework; name = CoreBluetooth.framework; path = System/Library/Frameworks/CoreBluetooth.framework; sourceTree = SDKROOT; };
		90CD9B2118561CFE00970B7D /* SearchSensorViewController.h */ = {isa = PBXFileReference; fileEncoding = 4; lastKnownFileType = sourcecode.c.h; path = SearchSensorViewController.h; sourceTree = "<group>"; };
		90CD9B2218561CFE00970B7D /* SearchSensorViewController.m */ = {isa = PBXFileReference; fileEncoding = 4; lastKnownFileType = sourcecode.c.objc; path = SearchSensorViewController.m; sourceTree = "<group>"; };
		90CD9B2618561D3D00970B7D /* SearchSensorViewController_iPhone.xib */ = {isa = PBXFileReference; fileEncoding = 4; lastKnownFileType = file.xib; path = SearchSensorViewController_iPhone.xib; sourceTree = "<group>"; };
		90CD9B2818561DA400970B7D /* SensorCell.h */ = {isa = PBXFileReference; fileEncoding = 4; lastKnownFileType = sourcecode.c.h; path = SensorCell.h; sourceTree = "<group>"; };
		90CD9B2918561DA400970B7D /* SensorCell.m */ = {isa = PBXFileReference; fileEncoding = 4; lastKnownFileType = sourcecode.c.objc; path = SensorCell.m; sourceTree = "<group>"; };
		90CD9B2D18561E4A00970B7D /* SensorCell_iPhone.xib */ = {isa = PBXFileReference; fileEncoding = 4; lastKnownFileType = file.xib; path = SensorCell_iPhone.xib; sourceTree = "<group>"; };
		90CFFEA717A7CF2F00353F80 /* Default-568h@2x.png */ = {isa = PBXFileReference; lastKnownFileType = image.png; path = "Default-568h@2x.png"; sourceTree = "<group>"; };
		90CFFEA817A7CF2F00353F80 /* Default.png */ = {isa = PBXFileReference; lastKnownFileType = image.png; path = Default.png; sourceTree = "<group>"; };
		90CFFEA917A7CF2F00353F80 /* Default@2x.png */ = {isa = PBXFileReference; lastKnownFileType = image.png; path = "Default@2x.png"; sourceTree = "<group>"; };
		90CFFEC117A7D01700353F80 /* AppViewController.h */ = {isa = PBXFileReference; fileEncoding = 4; lastKnownFileType = sourcecode.c.h; path = AppViewController.h; sourceTree = "<group>"; };
		90CFFEC217A7D01700353F80 /* AppViewController.m */ = {isa = PBXFileReference; fileEncoding = 4; lastKnownFileType = sourcecode.c.objc; path = AppViewController.m; sourceTree = "<group>"; };
		90D4AB8C184E528E004DDB1F /* ClimateSensorDetailsViewController.h */ = {isa = PBXFileReference; fileEncoding = 4; lastKnownFileType = sourcecode.c.h; path = ClimateSensorDetailsViewController.h; sourceTree = "<group>"; };
		90D4AB8D184E528E004DDB1F /* ClimateSensorDetailsViewController.m */ = {isa = PBXFileReference; fileEncoding = 4; lastKnownFileType = sourcecode.c.objc; path = ClimateSensorDetailsViewController.m; sourceTree = "<group>"; };
		90D4AB92184E5336004DDB1F /* ClimateSensorDetailsViewController_iPhone.xib */ = {isa = PBXFileReference; fileEncoding = 4; lastKnownFileType = file.xib; path = ClimateSensorDetailsViewController_iPhone.xib; sourceTree = "<group>"; };
		90D4AB94184E53FC004DDB1F /* GrowSensorDetailsViewController.h */ = {isa = PBXFileReference; fileEncoding = 4; lastKnownFileType = sourcecode.c.h; path = GrowSensorDetailsViewController.h; sourceTree = "<group>"; };
		90D4AB95184E53FC004DDB1F /* GrowSensorDetailsViewController.m */ = {isa = PBXFileReference; fileEncoding = 4; lastKnownFileType = sourcecode.c.objc; path = GrowSensorDetailsViewController.m; sourceTree = "<group>"; };
		90D4AB99184E5420004DDB1F /* GrowSensorDetailsViewController_iPhone.xib */ = {isa = PBXFileReference; fileEncoding = 4; lastKnownFileType = file.xib; path = GrowSensorDetailsViewController_iPhone.xib; sourceTree = "<group>"; };
		90D4ABBE184E55BE004DDB1F /* SentrySensorDetailsViewController.h */ = {isa = PBXFileReference; fileEncoding = 4; lastKnownFileType = sourcecode.c.h; path = SentrySensorDetailsViewController.h; sourceTree = "<group>"; };
		90D4ABBF184E55BE004DDB1F /* SentrySensorDetailsViewController.m */ = {isa = PBXFileReference; fileEncoding = 4; lastKnownFileType = sourcecode.c.objc; path = SentrySensorDetailsViewController.m; sourceTree = "<group>"; };
		90D4ABC3184E55DB004DDB1F /* SentrySensorDetailsViewController_iPhone.xib */ = {isa = PBXFileReference; fileEncoding = 4; lastKnownFileType = file.xib; path = SentrySensorDetailsViewController_iPhone.xib; sourceTree = "<group>"; };
		90D4ABC5184E562F004DDB1F /* ThermoSensorDetailsViewController.h */ = {isa = PBXFileReference; fileEncoding = 4; lastKnownFileType = sourcecode.c.h; path = ThermoSensorDetailsViewController.h; sourceTree = "<group>"; };
		90D4ABC6184E562F004DDB1F /* ThermoSensorDetailsViewController.m */ = {isa = PBXFileReference; fileEncoding = 4; lastKnownFileType = sourcecode.c.objc; path = ThermoSensorDetailsViewController.m; sourceTree = "<group>"; };
		90D4ABCA184E5654004DDB1F /* ThermoSensorDetailsViewController_iPhone.xib */ = {isa = PBXFileReference; fileEncoding = 4; lastKnownFileType = file.xib; path = ThermoSensorDetailsViewController_iPhone.xib; sourceTree = "<group>"; };
		90D4ABCC184E56A4004DDB1F /* WaterSensorDetailsViewController.h */ = {isa = PBXFileReference; fileEncoding = 4; lastKnownFileType = sourcecode.c.h; path = WaterSensorDetailsViewController.h; sourceTree = "<group>"; };
		90D4ABCD184E56A4004DDB1F /* WaterSensorDetailsViewController.m */ = {isa = PBXFileReference; fileEncoding = 4; lastKnownFileType = sourcecode.c.objc; path = WaterSensorDetailsViewController.m; sourceTree = "<group>"; };
		90D4ABD1184E56C2004DDB1F /* WaterSensorDetailsViewController_iPhone.xib */ = {isa = PBXFileReference; fileEncoding = 4; lastKnownFileType = file.xib; path = WaterSensorDetailsViewController_iPhone.xib; sourceTree = "<group>"; };
		90D80799185B409300FDF31D /* ClimateSensor.h */ = {isa = PBXFileReference; fileEncoding = 4; lastKnownFileType = sourcecode.c.h; path = ClimateSensor.h; sourceTree = "<group>"; };
		90D8079A185B409300FDF31D /* ClimateSensor.m */ = {isa = PBXFileReference; fileEncoding = 4; lastKnownFileType = sourcecode.c.objc; path = ClimateSensor.m; sourceTree = "<group>"; };
		90D8079C185B49D100FDF31D /* SensorViewController.h */ = {isa = PBXFileReference; fileEncoding = 4; lastKnownFileType = sourcecode.c.h; path = SensorViewController.h; sourceTree = "<group>"; };
		90D8079D185B49D100FDF31D /* SensorViewController.m */ = {isa = PBXFileReference; fileEncoding = 4; lastKnownFileType = sourcecode.c.objc; path = SensorViewController.m; sourceTree = "<group>"; };
		90D807A0185B52D800FDF31D /* ASBSparkLineView.h */ = {isa = PBXFileReference; fileEncoding = 4; lastKnownFileType = sourcecode.c.h; path = ASBSparkLineView.h; sourceTree = "<group>"; };
		90D807A1185B52D800FDF31D /* ASBSparkLineView.m */ = {isa = PBXFileReference; fileEncoding = 4; lastKnownFileType = sourcecode.c.objc; path = ASBSparkLineView.m; sourceTree = "<group>"; };
		90D807A3185B54E900FDF31D /* TestSensor.h */ = {isa = PBXFileReference; fileEncoding = 4; lastKnownFileType = sourcecode.c.h; path = TestSensor.h; sourceTree = "<group>"; };
		90D807A4185B54E900FDF31D /* TestSensor.m */ = {isa = PBXFileReference; fileEncoding = 4; lastKnownFileType = sourcecode.c.objc; path = TestSensor.m; sourceTree = "<group>"; };
		90EAB4A1185F79D300609A9C /* CouchbaseLite.framework */ = {isa = PBXFileReference; lastKnownFileType = wrapper.framework; name = CouchbaseLite.framework; path = Shared/Frameworks/CouchbaseLite.framework; sourceTree = "<group>"; };
		90EAB4A3185F7A3500609A9C /* CFNetwork.framework */ = {isa = PBXFileReference; lastKnownFileType = wrapper.framework; name = CFNetwork.framework; path = System/Library/Frameworks/CFNetwork.framework; sourceTree = SDKROOT; };
		90EAB4A5185F7A3C00609A9C /* Security.framework */ = {isa = PBXFileReference; lastKnownFileType = wrapper.framework; name = Security.framework; path = System/Library/Frameworks/Security.framework; sourceTree = SDKROOT; };
		90EAB4A7185F7A4B00609A9C /* SystemConfiguration.framework */ = {isa = PBXFileReference; lastKnownFileType = wrapper.framework; name = SystemConfiguration.framework; path = System/Library/Frameworks/SystemConfiguration.framework; sourceTree = SDKROOT; };
		90EAB4A9185F7A5C00609A9C /* libsqlite3.dylib */ = {isa = PBXFileReference; lastKnownFileType = "compiled.mach-o.dylib"; name = libsqlite3.dylib; path = usr/lib/libsqlite3.dylib; sourceTree = SDKROOT; };
		90EAB4AB185F7A6E00609A9C /* libz.dylib */ = {isa = PBXFileReference; lastKnownFileType = "compiled.mach-o.dylib"; name = libz.dylib; path = usr/lib/libz.dylib; sourceTree = SDKROOT; };
		90EAB4AE185F9A7700609A9C /* DatabaseManager.h */ = {isa = PBXFileReference; fileEncoding = 4; lastKnownFileType = sourcecode.c.h; path = DatabaseManager.h; sourceTree = "<group>"; };
		90EAB4AF185F9A7700609A9C /* DatabaseManager.m */ = {isa = PBXFileReference; fileEncoding = 4; lastKnownFileType = sourcecode.c.objc; path = DatabaseManager.m; sourceTree = "<group>"; };
		90F56DDE184DD54000ADC38E /* Wimoto-Info.plist */ = {isa = PBXFileReference; fileEncoding = 4; lastKnownFileType = text.plist.xml; path = "Wimoto-Info.plist"; sourceTree = SOURCE_ROOT; };
/* End PBXFileReference section */

/* Begin PBXFrameworksBuildPhase section */
		1D60588F0D05DD3D006BFB54 /* Frameworks */ = {
			isa = PBXFrameworksBuildPhase;
			buildActionMask = 2147483647;
			files = (
				90EAB4AC185F7A6E00609A9C /* libz.dylib in Frameworks */,
				90EAB4AA185F7A5C00609A9C /* libsqlite3.dylib in Frameworks */,
				90EAB4A8185F7A4B00609A9C /* SystemConfiguration.framework in Frameworks */,
				90EAB4A6185F7A3C00609A9C /* Security.framework in Frameworks */,
				90EAB4A4185F7A3500609A9C /* CFNetwork.framework in Frameworks */,
				90EAB4A2185F79D300609A9C /* CouchbaseLite.framework in Frameworks */,
				90CD9B1818561B2300970B7D /* CoreBluetooth.framework in Frameworks */,
				30B29E92184E13AA000C651A /* libiconv.dylib in Frameworks */,
				30B29E90184E139F000C651A /* CoreVideo.framework in Frameworks */,
				30B29E8E184E1396000C651A /* CoreMedia.framework in Frameworks */,
				30B29E8C184E138B000C651A /* AVFoundation.framework in Frameworks */,
				30B487E0184DFBDA002B0CD8 /* QuartzCore.framework in Frameworks */,
				1D60589F0D05DD5A006BFB54 /* Foundation.framework in Frameworks */,
				1DF5F4E00D08C38300B7A737 /* UIKit.framework in Frameworks */,
				288765FD0DF74451002DB57D /* CoreGraphics.framework in Frameworks */,
			);
			runOnlyForDeploymentPostprocessing = 0;
		};
/* End PBXFrameworksBuildPhase section */

/* Begin PBXGroup section */
		19C28FACFE9D520D11CA2CBB /* Products */ = {
			isa = PBXGroup;
			children = (
				1D6058910D05DD3D006BFB54 /* Wimoto.app */,
			);
			name = Products;
			sourceTree = "<group>";
		};
		2860E324111B887F00E27156 /* iPhone */ = {
			isa = PBXGroup;
			children = (
				90D4AB91184E5336004DDB1F /* SensorDetailsScreens */,
				30B487FE184E0B08002B0CD8 /* HelpViewController_iPhone.xib */,
				30B487FF184E0B08002B0CD8 /* SettingsViewController_iPhone.xib */,
				30B487E1184DFCB7002B0CD8 /* DashboardViewController_iPhone.xib */,
				30B487E2184DFCB7002B0CD8 /* LeftMenuViewController_iPhone.xib */,
				30B487E3184DFCB7002B0CD8 /* RightMenuViewController_iPhone.xib */,
				30B487EF184DFE4A002B0CD8 /* RightMenuCell_iPhone.xib */,
				90CD9B2618561D3D00970B7D /* SearchSensorViewController_iPhone.xib */,
				90CD9B2D18561E4A00970B7D /* SensorCell_iPhone.xib */,
				2860E325111B887F00E27156 /* AppDelegate_iPhone.h */,
				2860E326111B887F00E27156 /* AppDelegate_iPhone.m */,
				2860E327111B887F00E27156 /* MainWindow_iPhone.xib */,
			);
			path = iPhone;
			sourceTree = "<group>";
		};
		2860E32A111B888700E27156 /* iPad */ = {
			isa = PBXGroup;
			children = (
				2860E32B111B888700E27156 /* AppDelegate_iPad.h */,
				2860E32C111B888700E27156 /* AppDelegate_iPad.m */,
				2860E32D111B888700E27156 /* MainWindow_iPad.xib */,
			);
			path = iPad;
			sourceTree = "<group>";
		};
		29B97314FDCFA39411CA2CEA /* CustomTemplate */ = {
			isa = PBXGroup;
			children = (
				2860E32A111B888700E27156 /* iPad */,
				2860E324111B887F00E27156 /* iPhone */,
				90CFFEA617A7CF2F00353F80 /* Shared */,
				29B97315FDCFA39411CA2CEA /* Other Sources */,
				29B97323FDCFA39411CA2CEA /* Frameworks */,
				19C28FACFE9D520D11CA2CBB /* Products */,
			);
			name = CustomTemplate;
			sourceTree = "<group>";
		};
		29B97315FDCFA39411CA2CEA /* Other Sources */ = {
			isa = PBXGroup;
			children = (
				90F56DDE184DD54000ADC38E /* Wimoto-Info.plist */,
				32CA4F630368D1EE00C91783 /* Wimoto_Prefix.pch */,
				29B97316FDCFA39411CA2CEA /* main.m */,
			);
			name = "Other Sources";
			sourceTree = "<group>";
		};
		29B97323FDCFA39411CA2CEA /* Frameworks */ = {
			isa = PBXGroup;
			children = (
				90EAB4AB185F7A6E00609A9C /* libz.dylib */,
				90EAB4A9185F7A5C00609A9C /* libsqlite3.dylib */,
				90EAB4A7185F7A4B00609A9C /* SystemConfiguration.framework */,
				90EAB4A5185F7A3C00609A9C /* Security.framework */,
				90EAB4A3185F7A3500609A9C /* CFNetwork.framework */,
				90EAB4A1185F79D300609A9C /* CouchbaseLite.framework */,
				90CD9B1718561B2300970B7D /* CoreBluetooth.framework */,
				30B29E91184E13AA000C651A /* libiconv.dylib */,
				30B29E8F184E139F000C651A /* CoreVideo.framework */,
				30B29E8D184E1396000C651A /* CoreMedia.framework */,
				30B29E8B184E138B000C651A /* AVFoundation.framework */,
				30B487DF184DFBDA002B0CD8 /* QuartzCore.framework */,
				1DF5F4DF0D08C38300B7A737 /* UIKit.framework */,
				1D30AB110D05D00D00671497 /* Foundation.framework */,
				288765FC0DF74451002DB57D /* CoreGraphics.framework */,
			);
			name = Frameworks;
			sourceTree = "<group>";
		};
		305A118A184FAD01001B8C14 /* data */ = {
			isa = PBXGroup;
			children = (
				305A118B184FAD01001B8C14 /* bluetooth_data.txt */,
				305A118C184FAD01001B8C14 /* contact_data.txt */,
				305A118D184FAD01001B8C14 /* humidity_data.txt */,
				305A118E184FAD01001B8C14 /* light_data.txt */,
				305A118F184FAD01001B8C14 /* soilMoisture_data.txt */,
				305A1190184FAD01001B8C14 /* temperature_data.txt */,
				305A1191184FAD01001B8C14 /* thermoIR_data.txt */,
				305A1192184FAD01001B8C14 /* thermoProbe_data.txt */,
				305A1193184FAD01001B8C14 /* waterLevel_data.txt */,
			);
			path = data;
			sourceTree = "<group>";
		};
		30B487C0184DF328002B0CD8 /* Utils */ = {
			isa = PBXGroup;
			children = (
				90D8079F185B52D800FDF31D /* Sparklines */,
				30B487C1184DF328002B0CD8 /* ViewDeck */,
				90232E37185A521900F83210 /* BLEManager */,
				90EAB4AD185F9A5E00609A9C /* DatabaseManager */,
				901399C3185A5EF20003D964 /* NSString+Util.h */,
				901399C4185A5EF20003D964 /* NSString+Util.m */,
			);
			path = Utils;
			sourceTree = "<group>";
		};
		30B487C1184DF328002B0CD8 /* ViewDeck */ = {
			isa = PBXGroup;
			children = (
				90232E29185A467100F83210 /* Core */,
				90232E33185A46A300F83210 /* WimotoDeckController.h */,
				90232E34185A46A300F83210 /* WimotoDeckController.m */,
			);
			path = ViewDeck;
			sourceTree = "<group>";
		};
		30B487CB184DF381002B0CD8 /* LeftMenuScreen */ = {
			isa = PBXGroup;
			children = (
				30B487CD184DF3A4002B0CD8 /* LeftMenuViewController.h */,
				30B487CE184DF3A4002B0CD8 /* LeftMenuViewController.m */,
			);
			path = LeftMenuScreen;
			sourceTree = "<group>";
		};
		30B487CC184DF381002B0CD8 /* RightMenuScreen */ = {
			isa = PBXGroup;
			children = (
				30B487D4184DF801002B0CD8 /* RightMenuViewController.h */,
				30B487D5184DF801002B0CD8 /* RightMenuViewController.m */,
				30B487EC184DFE33002B0CD8 /* RightMenuCell.h */,
				30B487ED184DFE33002B0CD8 /* RightMenuCell.m */,
			);
			path = RightMenuScreen;
			sourceTree = "<group>";
		};
		30B487F1184E0A32002B0CD8 /* HelpScreen */ = {
			isa = PBXGroup;
			children = (
				30B487F4184E0A4F002B0CD8 /* HelpViewController.h */,
				30B487F5184E0A4F002B0CD8 /* HelpViewController.m */,
			);
			path = HelpScreen;
			sourceTree = "<group>";
		};
		30B487F3184E0A32002B0CD8 /* SettingsScreen */ = {
			isa = PBXGroup;
			children = (
				30B487F9184E0A6C002B0CD8 /* SettingsViewController.h */,
				30B487FA184E0A6C002B0CD8 /* SettingsViewController.m */,
			);
			path = SettingsScreen;
			sourceTree = "<group>";
		};
		493A492B184EB4250000A2F6 /* Images */ = {
			isa = PBXGroup;
			children = (
				493A494A184ED3C00000A2F6 /* cassette.png */,
				493A4934184EB9C80000A2F6 /* plant_temperature-512.png */,
				493A4930184EB81A0000A2F6 /* plant_under_rain-512.png */,
				493A4931184EB81A0000A2F6 /* plant_under_sun-512.png */,
				493A4942184ECC390000A2F6 /* cloud.png */,
				493A4946184ECECE0000A2F6 /* cloud-download.png */,
				493A4947184ECECE0000A2F6 /* cloud-upload.png */,
				490F3A8E184EE251004B2BF1 /* wimoto.png */,
				490F3A8C184EDF43004B2BF1 /* border.png */,
				493A4943184ECC390000A2F6 /* mail.png */,
				493A493C184EC3C00000A2F6 /* water-512.png */,
				493A4938184EBF810000A2F6 /* thermometer-512.png */,
				493A493A184EC2F80000A2F6 /* infrared_thermometer-512.png */,
				493A492E184EB6C50000A2F6 /* sun-512.png */,
				493A4927184EB0790000A2F6 /* alarm_clock-512-white.png */,
				493A4936184EBEBD0000A2F6 /* motion_detector-512.png */,
				493A4929184EB2CB0000A2F6 /* temperature-512.png */,
				493A492C184EB44B0000A2F6 /* humidity-512.png */,
			);
			name = Images;
			sourceTree = "<group>";
		};
		90232E29185A467100F83210 /* Core */ = {
			isa = PBXGroup;
			children = (
				90232E2A185A467100F83210 /* IISideController.h */,
				90232E2B185A467100F83210 /* IISideController.m */,
				90232E2C185A467100F83210 /* IIViewDeckController.h */,
				90232E2D185A467100F83210 /* IIViewDeckController.m */,
				90232E2E185A467100F83210 /* IIWrapController.h */,
				90232E2F185A467100F83210 /* IIWrapController.m */,
			);
			path = Core;
			sourceTree = "<group>";
		};
		90232E37185A521900F83210 /* BLEManager */ = {
			isa = PBXGroup;
			children = (
				90232E38185A521900F83210 /* BLEManager.h */,
				90232E39185A521900F83210 /* BLEManager.m */,
				901399CA185B16CB0003D964 /* CBPeripheral+Util.h */,
				901399CB185B16CB0003D964 /* CBPeripheral+Util.m */,
			);
			path = BLEManager;
			sourceTree = "<group>";
		};
		90C64238184E6061008F40D2 /* Models */ = {
			isa = PBXGroup;
			children = (
				90C64239184E606D008F40D2 /* Sensor.h */,
				90C6423A184E606D008F40D2 /* Sensor.m */,
				90D807A3185B54E900FDF31D /* TestSensor.h */,
				90D807A4185B54E900FDF31D /* TestSensor.m */,
				90D80799185B409300FDF31D /* ClimateSensor.h */,
				90D8079A185B409300FDF31D /* ClimateSensor.m */,
			);
			path = Models;
			sourceTree = "<group>";
		};
		90CD9B2018561CDB00970B7D /* SearchSensorScreen */ = {
			isa = PBXGroup;
			children = (
				90CD9B2118561CFE00970B7D /* SearchSensorViewController.h */,
				90CD9B2218561CFE00970B7D /* SearchSensorViewController.m */,
				90CD9B2818561DA400970B7D /* SensorCell.h */,
				90CD9B2918561DA400970B7D /* SensorCell.m */,
			);
			path = SearchSensorScreen;
			sourceTree = "<group>";
		};
		90CFFEA617A7CF2F00353F80 /* Shared */ = {
			isa = PBXGroup;
			children = (
				305A118A184FAD01001B8C14 /* data */,
				90CFFEB017A7CF8000353F80 /* Classes */,
				90CFFEAA17A7CF2F00353F80 /* images */,
				90CFFEA817A7CF2F00353F80 /* Default.png */,
				90CFFEA917A7CF2F00353F80 /* Default@2x.png */,
				90CFFEA717A7CF2F00353F80 /* Default-568h@2x.png */,
			);
			path = Shared;
			sourceTree = "<group>";
		};
		90CFFEAA17A7CF2F00353F80 /* images */ = {
			isa = PBXGroup;
			children = (
			);
			path = images;
			sourceTree = "<group>";
		};
		90CFFEB017A7CF8000353F80 /* Classes */ = {
			isa = PBXGroup;
			children = (
				90C64238184E6061008F40D2 /* Models */,
				90D4AB86184E51CF004DDB1F /* SensorDetailsScreens */,
				90CD9B2018561CDB00970B7D /* SearchSensorScreen */,
				30B487CB184DF381002B0CD8 /* LeftMenuScreen */,
				30B487CC184DF381002B0CD8 /* RightMenuScreen */,
				30B487F1184E0A32002B0CD8 /* HelpScreen */,
				30B487F3184E0A32002B0CD8 /* SettingsScreen */,
				30B487C0184DF328002B0CD8 /* Utils */,
				901399CD185B22A80003D964 /* AppConstants.h */,
				90CFFEC117A7D01700353F80 /* AppViewController.h */,
				90CFFEC217A7D01700353F80 /* AppViewController.m */,
				30B487E9184DFCD6002B0CD8 /* AppTableViewController.h */,
				30B487EA184DFCD6002B0CD8 /* AppTableViewController.m */,
			);
			path = Classes;
			sourceTree = "<group>";
		};
		90D4AB86184E51CF004DDB1F /* SensorDetailsScreens */ = {
			isa = PBXGroup;
			children = (
				90D4AB87184E5270004DDB1F /* ClimateSensorDetailsScreen */,
				90D4AB88184E5270004DDB1F /* GrowSensorDetailsScreen */,
				90D4AB89184E5270004DDB1F /* SentrySensorDetailsScreen */,
				90D4AB8A184E5270004DDB1F /* ThermoSensorDetailsScreen */,
				90D4AB8B184E5270004DDB1F /* WaterSensorDetailsScreen */,
				90D8079C185B49D100FDF31D /* SensorViewController.h */,
				90D8079D185B49D100FDF31D /* SensorViewController.m */,
				90232E22185A43B300F83210 /* NoSensorViewController.h */,
				90232E23185A43B300F83210 /* NoSensorViewController.m */,
			);
			path = SensorDetailsScreens;
			sourceTree = "<group>";
		};
		90D4AB87184E5270004DDB1F /* ClimateSensorDetailsScreen */ = {
			isa = PBXGroup;
			children = (
				90D4AB8C184E528E004DDB1F /* ClimateSensorDetailsViewController.h */,
				90D4AB8D184E528E004DDB1F /* ClimateSensorDetailsViewController.m */,
			);
			path = ClimateSensorDetailsScreen;
			sourceTree = "<group>";
		};
		90D4AB88184E5270004DDB1F /* GrowSensorDetailsScreen */ = {
			isa = PBXGroup;
			children = (
				90D4AB94184E53FC004DDB1F /* GrowSensorDetailsViewController.h */,
				90D4AB95184E53FC004DDB1F /* GrowSensorDetailsViewController.m */,
			);
			path = GrowSensorDetailsScreen;
			sourceTree = "<group>";
		};
		90D4AB89184E5270004DDB1F /* SentrySensorDetailsScreen */ = {
			isa = PBXGroup;
			children = (
				90D4ABBE184E55BE004DDB1F /* SentrySensorDetailsViewController.h */,
				90D4ABBF184E55BE004DDB1F /* SentrySensorDetailsViewController.m */,
			);
			path = SentrySensorDetailsScreen;
			sourceTree = "<group>";
		};
		90D4AB8A184E5270004DDB1F /* ThermoSensorDetailsScreen */ = {
			isa = PBXGroup;
			children = (
				90D4ABC5184E562F004DDB1F /* ThermoSensorDetailsViewController.h */,
				90D4ABC6184E562F004DDB1F /* ThermoSensorDetailsViewController.m */,
			);
			path = ThermoSensorDetailsScreen;
			sourceTree = "<group>";
		};
		90D4AB8B184E5270004DDB1F /* WaterSensorDetailsScreen */ = {
			isa = PBXGroup;
			children = (
				90D4ABCC184E56A4004DDB1F /* WaterSensorDetailsViewController.h */,
				90D4ABCD184E56A4004DDB1F /* WaterSensorDetailsViewController.m */,
			);
			path = WaterSensorDetailsScreen;
			sourceTree = "<group>";
		};
		90D4AB91184E5336004DDB1F /* SensorDetailsScreens */ = {
			isa = PBXGroup;
			children = (
				493A492B184EB4250000A2F6 /* Images */,
				90232E27185A440700F83210 /* NoSensorViewController_iPhone.xib */,
				30B25B121857636E0027F2E7 /* GraphViewController_iPhone.xib */,
				90D4AB92184E5336004DDB1F /* ClimateSensorDetailsViewController_iPhone.xib */,
				90D4AB99184E5420004DDB1F /* GrowSensorDetailsViewController_iPhone.xib */,
				90D4ABC3184E55DB004DDB1F /* SentrySensorDetailsViewController_iPhone.xib */,
				90D4ABCA184E5654004DDB1F /* ThermoSensorDetailsViewController_iPhone.xib */,
				90D4ABD1184E56C2004DDB1F /* WaterSensorDetailsViewController_iPhone.xib */,
			);
			path = SensorDetailsScreens;
			sourceTree = "<group>";
		};
		90D8079F185B52D800FDF31D /* Sparklines */ = {
			isa = PBXGroup;
			children = (
				90D807A0185B52D800FDF31D /* ASBSparkLineView.h */,
				90D807A1185B52D800FDF31D /* ASBSparkLineView.m */,
			);
			path = Sparklines;
			sourceTree = "<group>";
		};
		90EAB4AD185F9A5E00609A9C /* DatabaseManager */ = {
			isa = PBXGroup;
			children = (
				90EAB4AE185F9A7700609A9C /* DatabaseManager.h */,
				90EAB4AF185F9A7700609A9C /* DatabaseManager.m */,
			);
			path = DatabaseManager;
			sourceTree = "<group>";
		};
/* End PBXGroup section */

/* Begin PBXNativeTarget section */
		1D6058900D05DD3D006BFB54 /* Wimoto */ = {
			isa = PBXNativeTarget;
			buildConfigurationList = 1D6058960D05DD3E006BFB54 /* Build configuration list for PBXNativeTarget "Wimoto" */;
			buildPhases = (
				1D60588D0D05DD3D006BFB54 /* Resources */,
				1D60588E0D05DD3D006BFB54 /* Sources */,
				1D60588F0D05DD3D006BFB54 /* Frameworks */,
			);
			buildRules = (
			);
			dependencies = (
			);
			name = Wimoto;
			productName = SoccerExpert;
			productReference = 1D6058910D05DD3D006BFB54 /* Wimoto.app */;
			productType = "com.apple.product-type.application";
		};
/* End PBXNativeTarget section */

/* Begin PBXProject section */
		29B97313FDCFA39411CA2CEA /* Project object */ = {
			isa = PBXProject;
			attributes = {
				LastUpgradeCheck = 0460;
				TargetAttributes = {
					1D6058900D05DD3D006BFB54 = {
						DevelopmentTeam = 3VG2LSZQ89;
					};
				};
			};
			buildConfigurationList = C01FCF4E08A954540054247B /* Build configuration list for PBXProject "Wimoto" */;
			compatibilityVersion = "Xcode 3.2";
			developmentRegion = English;
			hasScannedForEncodings = 1;
			knownRegions = (
				English,
				Japanese,
				French,
				German,
			);
			mainGroup = 29B97314FDCFA39411CA2CEA /* CustomTemplate */;
			projectDirPath = "";
			projectRoot = "";
			targets = (
				1D6058900D05DD3D006BFB54 /* Wimoto */,
			);
		};
/* End PBXProject section */

/* Begin PBXResourcesBuildPhase section */
		1D60588D0D05DD3D006BFB54 /* Resources */ = {
			isa = PBXResourcesBuildPhase;
			buildActionMask = 2147483647;
			files = (
				30B48800184E0B08002B0CD8 /* HelpViewController_iPhone.xib in Resources */,
				493A4937184EBEBD0000A2F6 /* motion_detector-512.png in Resources */,
				493A4928184EB0790000A2F6 /* alarm_clock-512-white.png in Resources */,
				493A4948184ECECE0000A2F6 /* cloud-download.png in Resources */,
				493A493B184EC2F80000A2F6 /* infrared_thermometer-512.png in Resources */,
				493A493D184EC3C00000A2F6 /* water-512.png in Resources */,
				493A4939184EBF810000A2F6 /* thermometer-512.png in Resources */,
				493A4933184EB81A0000A2F6 /* plant_under_sun-512.png in Resources */,
				90D4AB9A184E5420004DDB1F /* GrowSensorDetailsViewController_iPhone.xib in Resources */,
				493A4932184EB81A0000A2F6 /* plant_under_rain-512.png in Resources */,
				90CD9B2718561D3D00970B7D /* SearchSensorViewController_iPhone.xib in Resources */,
				90D4ABC4184E55DB004DDB1F /* SentrySensorDetailsViewController_iPhone.xib in Resources */,
				2860E329111B887F00E27156 /* MainWindow_iPhone.xib in Resources */,
				305A1195184FAD01001B8C14 /* contact_data.txt in Resources */,
				305A119C184FAD01001B8C14 /* waterLevel_data.txt in Resources */,
				493A4949184ECECE0000A2F6 /* cloud-upload.png in Resources */,
				2860E32F111B888700E27156 /* MainWindow_iPad.xib in Resources */,
				30B25B131857636E0027F2E7 /* GraphViewController_iPhone.xib in Resources */,
				490F3A8D184EDF43004B2BF1 /* border.png in Resources */,
				90D4AB93184E5336004DDB1F /* ClimateSensorDetailsViewController_iPhone.xib in Resources */,
				90CFFEAC17A7CF2F00353F80 /* Default-568h@2x.png in Resources */,
				30B487E7184DFCB7002B0CD8 /* RightMenuViewController_iPhone.xib in Resources */,
				305A1198184FAD01001B8C14 /* soilMoisture_data.txt in Resources */,
				493A4944184ECC390000A2F6 /* cloud.png in Resources */,
				90CFFEAD17A7CF2F00353F80 /* Default.png in Resources */,
				305A1196184FAD01001B8C14 /* humidity_data.txt in Resources */,
				90CFFEAE17A7CF2F00353F80 /* Default@2x.png in Resources */,
				30B48801184E0B08002B0CD8 /* SettingsViewController_iPhone.xib in Resources */,
				90D4ABCB184E5654004DDB1F /* ThermoSensorDetailsViewController_iPhone.xib in Resources */,
				90CD9B2E18561E4A00970B7D /* SensorCell_iPhone.xib in Resources */,
				90F56DDF184DD54000ADC38E /* Wimoto-Info.plist in Resources */,
				493A494B184ED3C00000A2F6 /* cassette.png in Resources */,
				493A492A184EB2CB0000A2F6 /* temperature-512.png in Resources */,
				30B487E6184DFCB7002B0CD8 /* LeftMenuViewController_iPhone.xib in Resources */,
				305A1194184FAD01001B8C14 /* bluetooth_data.txt in Resources */,
				90D4ABD2184E56C2004DDB1F /* WaterSensorDetailsViewController_iPhone.xib in Resources */,
				305A1199184FAD01001B8C14 /* temperature_data.txt in Resources */,
				490F3A8F184EE251004B2BF1 /* wimoto.png in Resources */,
				493A492D184EB44B0000A2F6 /* humidity-512.png in Resources */,
				30B487F0184DFE4A002B0CD8 /* RightMenuCell_iPhone.xib in Resources */,
				305A119B184FAD01001B8C14 /* thermoProbe_data.txt in Resources */,
				493A4945184ECC390000A2F6 /* mail.png in Resources */,
				493A4935184EB9C80000A2F6 /* plant_temperature-512.png in Resources */,
				305A119A184FAD01001B8C14 /* thermoIR_data.txt in Resources */,
				493A492F184EB6C50000A2F6 /* sun-512.png in Resources */,
				30B487E5184DFCB7002B0CD8 /* DashboardViewController_iPhone.xib in Resources */,
				90232E28185A440700F83210 /* NoSensorViewController_iPhone.xib in Resources */,
				305A1197184FAD01001B8C14 /* light_data.txt in Resources */,
			);
			runOnlyForDeploymentPostprocessing = 0;
		};
/* End PBXResourcesBuildPhase section */

/* Begin PBXSourcesBuildPhase section */
		1D60588E0D05DD3D006BFB54 /* Sources */ = {
			isa = PBXSourcesBuildPhase;
			buildActionMask = 2147483647;
			files = (
				90D4ABC1184E55BE004DDB1F /* SentrySensorDetailsViewController.m in Sources */,
				90D807A2185B52D800FDF31D /* ASBSparkLineView.m in Sources */,
				90CD9B2A18561DA400970B7D /* SensorCell.m in Sources */,
				1D60589B0D05DD56006BFB54 /* main.m in Sources */,
				30B487EE184DFE33002B0CD8 /* RightMenuCell.m in Sources */,
				2860E328111B887F00E27156 /* AppDelegate_iPhone.m in Sources */,
				90232E31185A467100F83210 /* IIViewDeckController.m in Sources */,
				30B487D7184DF801002B0CD8 /* RightMenuViewController.m in Sources */,
				90232E30185A467100F83210 /* IISideController.m in Sources */,
				30B487D0184DF3A5002B0CD8 /* LeftMenuViewController.m in Sources */,
				90232E3A185A521900F83210 /* BLEManager.m in Sources */,
				90D807A5185B54E900FDF31D /* TestSensor.m in Sources */,
				901399CC185B16CB0003D964 /* CBPeripheral+Util.m in Sources */,
				90C6423B184E606D008F40D2 /* Sensor.m in Sources */,
				90D8079E185B49D100FDF31D /* SensorViewController.m in Sources */,
				2860E32E111B888700E27156 /* AppDelegate_iPad.m in Sources */,
				90D8079B185B409300FDF31D /* ClimateSensor.m in Sources */,
				30B487EB184DFCD6002B0CD8 /* AppTableViewController.m in Sources */,
				90232E25185A43B300F83210 /* NoSensorViewController.m in Sources */,
				90D4ABC8184E562F004DDB1F /* ThermoSensorDetailsViewController.m in Sources */,
				30B487F7184E0A4F002B0CD8 /* HelpViewController.m in Sources */,
				30B487FC184E0A6C002B0CD8 /* SettingsViewController.m in Sources */,
				901399C5185A5EF20003D964 /* NSString+Util.m in Sources */,
				90232E35185A46A300F83210 /* WimotoDeckController.m in Sources */,
				90232E32185A467100F83210 /* IIWrapController.m in Sources */,
				90CD9B2418561CFE00970B7D /* SearchSensorViewController.m in Sources */,
				90D4AB8F184E528E004DDB1F /* ClimateSensorDetailsViewController.m in Sources */,
				90EAB4B0185F9A7700609A9C /* DatabaseManager.m in Sources */,
				90D4AB97184E53FC004DDB1F /* GrowSensorDetailsViewController.m in Sources */,
				90D4ABCF184E56A4004DDB1F /* WaterSensorDetailsViewController.m in Sources */,
				90CFFEC317A7D01700353F80 /* AppViewController.m in Sources */,
			);
			runOnlyForDeploymentPostprocessing = 0;
		};
/* End PBXSourcesBuildPhase section */

/* Begin XCBuildConfiguration section */
		1D6058940D05DD3E006BFB54 /* Debug */ = {
			isa = XCBuildConfiguration;
			buildSettings = {
				ALWAYS_SEARCH_USER_PATHS = NO;
				CLANG_ENABLE_OBJC_ARC = YES;
				CODE_SIGN_IDENTITY = "iPhone Developer: Eugene Brusov (UCKP4KG4BG)";
				"CODE_SIGN_IDENTITY[sdk=iphoneos*]" = "iPhone Developer: Eugene Brusov (UCKP4KG4BG)";
				COPY_PHASE_STRIP = NO;
				FRAMEWORK_SEARCH_PATHS = (
					"$(inherited)",
					/Workspace/Wimoto/Repo/code/Wimoto/Shared/Frameworks,
				);
				GCC_DYNAMIC_NO_PIC = NO;
				GCC_OPTIMIZATION_LEVEL = 0;
				GCC_PRECOMPILE_PREFIX_HEADER = YES;
				GCC_PREFIX_HEADER = Wimoto_Prefix.pch;
				INFOPLIST_FILE = "$(SRCROOT)/Wimoto-Info.plist";
				IPHONEOS_DEPLOYMENT_TARGET = 5.0;
				LIBRARY_SEARCH_PATHS = (
					"$(inherited)",
					/Workspace/Wimoto/Repo/code/Wimoto/Shared/Classes/Utils/ZBarSDK,
				);
				OTHER_LDFLAGS = "-ObjC";
				PRODUCT_NAME = Wimoto;
				PROVISIONING_PROFILE = "6AB02766-F052-4509-BDA9-B551B9F79FFB";
				VALID_ARCHS = "arm64 armv7";
			};
			name = Debug;
		};
		1D6058950D05DD3E006BFB54 /* Release */ = {
			isa = XCBuildConfiguration;
			buildSettings = {
				ALWAYS_SEARCH_USER_PATHS = NO;
				CLANG_ENABLE_OBJC_ARC = YES;
				CODE_SIGN_IDENTITY = "iPhone Developer";
				"CODE_SIGN_IDENTITY[sdk=iphoneos*]" = "iPhone Developer";
				COPY_PHASE_STRIP = YES;
				FRAMEWORK_SEARCH_PATHS = (
					"$(inherited)",
					/Workspace/Wimoto/Repo/code/Wimoto/Shared/Frameworks,
				);
				GCC_PRECOMPILE_PREFIX_HEADER = YES;
				GCC_PREFIX_HEADER = Wimoto_Prefix.pch;
				INFOPLIST_FILE = "$(SRCROOT)/Wimoto-Info.plist";
				IPHONEOS_DEPLOYMENT_TARGET = 5.0;
				LIBRARY_SEARCH_PATHS = (
					"$(inherited)",
					/Workspace/Wimoto/Repo/code/Wimoto/Shared/Classes/Utils/ZBarSDK,
				);
				OTHER_LDFLAGS = "-ObjC";
				PRODUCT_NAME = Wimoto;
				PROVISIONING_PROFILE = "";
				VALIDATE_PRODUCT = YES;
				VALID_ARCHS = "arm64 armv7";
			};
			name = Release;
		};
		C01FCF4F08A954540054247B /* Debug */ = {
			isa = XCBuildConfiguration;
			buildSettings = {
				ARCHS = "$(ARCHS_STANDARD_32_BIT)";
				"CODE_SIGN_IDENTITY[sdk=iphoneos*]" = "iPhone Developer";
				GCC_C_LANGUAGE_STANDARD = c99;
				GCC_WARN_ABOUT_RETURN_TYPE = YES;
				GCC_WARN_UNUSED_VARIABLE = YES;
				SDKROOT = iphoneos;
				TARGETED_DEVICE_FAMILY = "1,2";
				VALID_ARCHS = "arm64 armv7";
			};
			name = Debug;
		};
		C01FCF5008A954540054247B /* Release */ = {
			isa = XCBuildConfiguration;
			buildSettings = {
				ARCHS = "$(ARCHS_STANDARD_32_BIT)";
				"CODE_SIGN_IDENTITY[sdk=iphoneos*]" = "iPhone Developer";
				GCC_C_LANGUAGE_STANDARD = c99;
				GCC_WARN_ABOUT_RETURN_TYPE = YES;
				GCC_WARN_UNUSED_VARIABLE = YES;
				OTHER_CFLAGS = "-DNS_BLOCK_ASSERTIONS=1";
				SDKROOT = iphoneos;
				TARGETED_DEVICE_FAMILY = "1,2";
				VALID_ARCHS = "arm64 armv7";
			};
			name = Release;
		};
/* End XCBuildConfiguration section */

/* Begin XCConfigurationList section */
		1D6058960D05DD3E006BFB54 /* Build configuration list for PBXNativeTarget "Wimoto" */ = {
			isa = XCConfigurationList;
			buildConfigurations = (
				1D6058940D05DD3E006BFB54 /* Debug */,
				1D6058950D05DD3E006BFB54 /* Release */,
			);
			defaultConfigurationIsVisible = 0;
			defaultConfigurationName = Release;
		};
		C01FCF4E08A954540054247B /* Build configuration list for PBXProject "Wimoto" */ = {
			isa = XCConfigurationList;
			buildConfigurations = (
				C01FCF4F08A954540054247B /* Debug */,
				C01FCF5008A954540054247B /* Release */,
			);
			defaultConfigurationIsVisible = 0;
			defaultConfigurationName = Release;
		};
/* End XCConfigurationList section */
	};
	rootObject = 29B97313FDCFA39411CA2CEA /* Project object */;
}
